github.com/loxilb-io/sctp v0.0.0-20230509050318-6f6941e1d029 h1:kpbWH/yTXhkbui+qhQlRHqKaOi6dt86ytxUW+i0JzYQ=
github.com/loxilb-io/sctp v0.0.0-20230509050318-6f6941e1d029/go.mod h1:1a6hv8ISVQhnW5IVpW9o+OL6BAFlWiVpC0O4d19g+wQ=
github.com/loxilb-io/sctp v0.0.0-20230510141333-0e10149b200d h1:ia8BANfzIzRbi/kzudQJE6OctH1oaxYDCgm0M1BI2DY=
github.com/loxilb-io/sctp v0.0.0-20230510141333-0e10149b200d/go.mod h1:1a6hv8ISVQhnW5IVpW9o+OL6BAFlWiVpC0O4d19g+wQ=
